// !$*UTF8*$!
{
	archiveVersion = 1;
	classes = {
	};
	objectVersion = 46;
	objects = {

/* Begin PBXBuildFile section */
		882799861F5775DE00EA3289 /* AppDelegate.swift in Sources */ = {isa = PBXBuildFile; fileRef = 882799851F5775DE00EA3289 /* AppDelegate.swift */; };
		882799881F5775DE00EA3289 /* art.scnassets in Resources */ = {isa = PBXBuildFile; fileRef = 882799871F5775DE00EA3289 /* art.scnassets */; };
		8827998A1F5775DE00EA3289 /* GameViewController.swift in Sources */ = {isa = PBXBuildFile; fileRef = 882799891F5775DE00EA3289 /* GameViewController.swift */; };
		8827998D1F5775DE00EA3289 /* Main.storyboard in Resources */ = {isa = PBXBuildFile; fileRef = 8827998B1F5775DE00EA3289 /* Main.storyboard */; };
		8827998F1F5775DE00EA3289 /* Assets.xcassets in Resources */ = {isa = PBXBuildFile; fileRef = 8827998E1F5775DE00EA3289 /* Assets.xcassets */; };
		882799921F5775DE00EA3289 /* LaunchScreen.storyboard in Resources */ = {isa = PBXBuildFile; fileRef = 882799901F5775DE00EA3289 /* LaunchScreen.storyboard */; };
/* End PBXBuildFile section */

/* Begin PBXFileReference section */
		882799821F5775DE00EA3289 /* SceneKitIntro.app */ = {isa = PBXFileReference; explicitFileType = wrapper.application; includeInIndex = 0; path = SceneKitIntro.app; sourceTree = BUILT_PRODUCTS_DIR; };
		882799851F5775DE00EA3289 /* AppDelegate.swift */ = {isa = PBXFileReference; lastKnownFileType = sourcecode.swift; path = AppDelegate.swift; sourceTree = "<group>"; };
		882799871F5775DE00EA3289 /* art.scnassets */ = {isa = PBXFileReference; lastKnownFileType = wrapper.scnassets; path = art.scnassets; sourceTree = "<group>"; };
		882799891F5775DE00EA3289 /* GameViewController.swift */ = {isa = PBXFileReference; lastKnownFileType = sourcecode.swift; path = GameViewController.swift; sourceTree = "<group>"; };
		8827998C1F5775DE00EA3289 /* Base */ = {isa = PBXFileReference; lastKnownFileType = file.storyboard; name = Base; path = Base.lproj/Main.storyboard; sourceTree = "<group>"; };
		8827998E1F5775DE00EA3289 /* Assets.xcassets */ = {isa = PBXFileReference; lastKnownFileType = folder.assetcatalog; path = Assets.xcassets; sourceTree = "<group>"; };
		882799911F5775DE00EA3289 /* Base */ = {isa = PBXFileReference; lastKnownFileType = file.storyboard; name = Base; path = Base.lproj/LaunchScreen.storyboard; sourceTree = "<group>"; };
		882799931F5775DE00EA3289 /* Info.plist */ = {isa = PBXFileReference; lastKnownFileType = text.plist.xml; path = Info.plist; sourceTree = "<group>"; };
/* End PBXFileReference section */

/* Begin PBXFrameworksBuildPhase section */
		8827997F1F5775DE00EA3289 /* Frameworks */ = {
			isa = PBXFrameworksBuildPhase;
			buildActionMask = 2147483647;
			files = (
			);
			runOnlyForDeploymentPostprocessing = 0;
		};
/* End PBXFrameworksBuildPhase section */

/* Begin PBXGroup section */
		882799791F5775DE00EA3289 = {
			isa = PBXGroup;
			children = (
				882799841F5775DE00EA3289 /* SceneKitIntro */,
				882799831F5775DE00EA3289 /* Products */,
			);
			sourceTree = "<group>";
		};
		882799831F5775DE00EA3289 /* Products */ = {
			isa = PBXGroup;
			children = (
				882799821F5775DE00EA3289 /* SceneKitIntro.app */,
			);
			name = Products;
			sourceTree = "<group>";
		};
		882799841F5775DE00EA3289 /* SceneKitIntro */ = {
			isa = PBXGroup;
			children = (
				882799851F5775DE00EA3289 /* AppDelegate.swift */,
				882799871F5775DE00EA3289 /* art.scnassets */,
				882799891F5775DE00EA3289 /* GameViewController.swift */,
				8827998B1F5775DE00EA3289 /* Main.storyboard */,
				8827998E1F5775DE00EA3289 /* Assets.xcassets */,
				882799901F5775DE00EA3289 /* LaunchScreen.storyboard */,
				882799931F5775DE00EA3289 /* Info.plist */,
			);
			path = SceneKitIntro;
			sourceTree = "<group>";
		};
/* End PBXGroup section */

/* Begin PBXNativeTarget section */
		882799811F5775DE00EA3289 /* SceneKitIntro */ = {
			isa = PBXNativeTarget;
			buildConfigurationList = 882799961F5775DE00EA3289 /* Build configuration list for PBXNativeTarget "SceneKitIntro" */;
			buildPhases = (
				8827997E1F5775DE00EA3289 /* Sources */,
				8827997F1F5775DE00EA3289 /* Frameworks */,
				882799801F5775DE00EA3289 /* Resources */,
			);
			buildRules = (
			);
			dependencies = (
			);
			name = SceneKitIntro;
			productName = SceneKitIntro;
			productReference = 882799821F5775DE00EA3289 /* SceneKitIntro.app */;
			productType = "com.apple.product-type.application";
		};
/* End PBXNativeTarget section */

/* Begin PBXProject section */
		8827997A1F5775DE00EA3289 /* Project object */ = {
			isa = PBXProject;
			attributes = {
				LastSwiftUpdateCheck = 0820;
				LastUpgradeCheck = 0820;
				ORGANIZATIONNAME = TheKairuzBlog;
				TargetAttributes = {
					882799811F5775DE00EA3289 = {
						CreatedOnToolsVersion = 8.2.1;
						DevelopmentTeam = U4J2U6VS3H;
						ProvisioningStyle = Automatic;
					};
				};
			};
			buildConfigurationList = 8827997D1F5775DE00EA3289 /* Build configuration list for PBXProject "SceneKitIntro" */;
			compatibilityVersion = "Xcode 3.2";
			developmentRegion = English;
			hasScannedForEncodings = 0;
			knownRegions = (
				en,
				Base,
			);
			mainGroup = 882799791F5775DE00EA3289;
			productRefGroup = 882799831F5775DE00EA3289 /* Products */;
			projectDirPath = "";
			projectRoot = "";
			targets = (
				882799811F5775DE00EA3289 /* SceneKitIntro */,
			);
		};
/* End PBXProject section */

/* Begin PBXResourcesBuildPhase section */
		882799801F5775DE00EA3289 /* Resources */ = {
			isa = PBXResourcesBuildPhase;
			buildActionMask = 2147483647;
			files = (
				882799881F5775DE00EA3289 /* art.scnassets in Resources */,
				882799921F5775DE00EA3289 /* LaunchScreen.storyboard in Resources */,
				8827998F1F5775DE00EA3289 /* Assets.xcassets in Resources */,
				8827998D1F5775DE00EA3289 /* Main.storyboard in Resources */,
			);
			runOnlyForDeploymentPostprocessing = 0;
		};
/* End PBXResourcesBuildPhase section */

/* Begin PBXSourcesBuildPhase section */
		8827997E1F5775DE00EA3289 /* Sources */ = {
			isa = PBXSourcesBuildPhase;
			buildActionMask = 2147483647;
			files = (
				8827998A1F5775DE00EA3289 /* GameViewController.swift in Sources */,
				882799861F5775DE00EA3289 /* AppDelegate.swift in Sources */,
			);
			runOnlyForDeploymentPostprocessing = 0;
		};
/* End PBXSourcesBuildPhase section */

/* Begin PBXVariantGroup section */
		8827998B1F5775DE00EA3289 /* Main.storyboard */ = {
			isa = PBXVariantGroup;
			children = (
				8827998C1F5775DE00EA3289 /* Base */,
			);
			name = Main.storyboard;
			sourceTree = "<group>";
		};
		882799901F5775DE00EA3289 /* LaunchScreen.storyboard */ = {
			isa = PBXVariantGroup;
			children = (
				882799911F5775DE00EA3289 /* Base */,
			);
			name = LaunchScreen.storyboard;
			sourceTree = "<group>";
		};
/* End PBXVariantGroup section */

/* Begin XCBuildConfiguration section */
		882799941F5775DE00EA3289 /* Debug */ = {
			isa = XCBuildConfiguration;
			buildSettings = {
				ALWAYS_SEARCH_USER_PATHS = NO;
				CLANG_ANALYZER_NONNULL = YES;
				CLANG_CXX_LANGUAGE_STANDARD = "gnu++0x";
				CLANG_CXX_LIBRARY = "libc++";
				CLANG_ENABLE_MODULES = YES;
				CLANG_ENABLE_OBJC_ARC = YES;
				CLANG_WARN_BOOL_CONVERSION = YES;
				CLANG_WARN_CONSTANT_CONVERSION = YES;
				CLANG_WARN_DIRECT_OBJC_ISA_USAGE = YES_ERROR;
				CLANG_WARN_DOCUMENTATION_COMMENTS = YES;
				CLANG_WARN_EMPTY_BODY = YES;
				CLANG_WARN_ENUM_CONVERSION = YES;
				CLANG_WARN_INFINITE_RECURSION = YES;
				CLANG_WARN_INT_CONVERSION = YES;
				CLANG_WARN_OBJC_ROOT_CLASS = YES_ERROR;
				CLANG_WARN_SUSPICIOUS_MOVE = YES;
				CLANG_WARN_UNREACHABLE_CODE = YES;
				CLANG_WARN__DUPLICATE_METHOD_MATCH = YES;
				"CODE_SIGN_IDENTITY[sdk=iphoneos*]" = "iPhone Developer";
				COPY_PHASE_STRIP = NO;
				DEBUG_INFORMATION_FORMAT = dwarf;
				ENABLE_STRICT_OBJC_MSGSEND = YES;
				ENABLE_TESTABILITY = YES;
				GCC_C_LANGUAGE_STANDARD = gnu99;
				GCC_DYNAMIC_NO_PIC = NO;
				GCC_NO_COMMON_BLOCKS = YES;
				GCC_OPTIMIZATION_LEVEL = 0;
				GCC_PREPROCESSOR_DEFINITIONS = (
					"DEBUG=1",
					"$(inherited)",
				);
				GCC_WARN_64_TO_32_BIT_CONVERSION = YES;
				GCC_WARN_ABOUT_RETURN_TYPE = YES_ERROR;
				GCC_WARN_UNDECLARED_SELECTOR = YES;
				GCC_WARN_UNINITIALIZED_AUTOS = YES_AGGRESSIVE;
				GCC_WARN_UNUSED_FUNCTION = YES;
				GCC_WARN_UNUSED_VARIABLE = YES;
				IPHONEOS_DEPLOYMENT_TARGET = 10.2;
				MTL_ENABLE_DEBUG_INFO = YES;
				ONLY_ACTIVE_ARCH = YES;
				SDKROOT = iphoneos;
				SWIFT_ACTIVE_COMPILATION_CONDITIONS = DEBUG;
				SWIFT_OPTIMIZATION_LEVEL = "-Onone";
				TARGETED_DEVICE_FAMILY = "1,2";
			};
			name = Debug;
		};
		882799951F5775DE00EA3289 /* Release */ = {
			isa = XCBuildConfiguration;
			buildSettings = {
				ALWAYS_SEARCH_USER_PATHS = NO;
				CLANG_ANALYZER_NONNULL = YES;
				CLANG_CXX_LANGUAGE_STANDARD = "gnu++0x";
				CLANG_CXX_LIBRARY = "libc++";
				CLANG_ENABLE_MODULES = YES;
				CLANG_ENABLE_OBJC_ARC = YES;
				CLANG_WARN_BOOL_CONVERSION = YES;
				CLANG_WARN_CONSTANT_CONVERSION = YES;
				CLANG_WARN_DIRECT_OBJC_ISA_USAGE = YES_ERROR;
				CLANG_WARN_DOCUMENTATION_COMMENTS = YES;
				CLANG_WARN_EMPTY_BODY = YES;
				CLANG_WARN_ENUM_CONVERSION = YES;
				CLANG_WARN_INFINITE_RECURSION = YES;
				CLANG_WARN_INT_CONVERSION = YES;
				CLANG_WARN_OBJC_ROOT_CLASS = YES_ERROR;
				CLANG_WARN_SUSPICIOUS_MOVE = YES;
				CLANG_WARN_UNREACHABLE_CODE = YES;
				CLANG_WARN__DUPLICATE_METHOD_MATCH = YES;
				"CODE_SIGN_IDENTITY[sdk=iphoneos*]" = "iPhone Developer";
				COPY_PHASE_STRIP = NO;
				DEBUG_INFORMATION_FORMAT = "dwarf-with-dsym";
				ENABLE_NS_ASSERTIONS = NO;
				ENABLE_STRICT_OBJC_MSGSEND = YES;
				GCC_C_LANGUAGE_STANDARD = gnu99;
				GCC_NO_COMMON_BLOCKS = YES;
				GCC_WARN_64_TO_32_BIT_CONVERSION = YES;
				GCC_WARN_ABOUT_RETURN_TYPE = YES_ERROR;
				GCC_WARN_UNDECLARED_SELECTOR = YES;
				GCC_WARN_UNINITIALIZED_AUTOS = YES_AGGRESSIVE;
				GCC_WARN_UNUSED_FUNCTION = YES;
				GCC_WARN_UNUSED_VARIABLE = YES;
				IPHONEOS_DEPLOYMENT_TARGET = 10.2;
				MTL_ENABLE_DEBUG_INFO = NO;
				SDKROOT = iphoneos;
				SWIFT_OPTIMIZATION_LEVEL = "-Owholemodule";
				TARGETED_DEVICE_FAMILY = "1,2";
				VALIDATE_PRODUCT = YES;
			};
			name = Release;
		};
		882799971F5775DE00EA3289 /* Debug */ = {
			isa = XCBuildConfiguration;
			buildSettings = {
				ASSETCATALOG_COMPILER_APPICON_NAME = AppIcon;
				DEVELOPMENT_TEAM = U4J2U6VS3H;
				INFOPLIST_FILE = SceneKitIntro/Info.plist;
				LD_RUNPATH_SEARCH_PATHS = "$(inherited) @executable_path/Frameworks";
				PRODUCT_BUNDLE_IDENTIFIER = com.angelmorales.SceneKitIntro;
				PRODUCT_NAME = "$(TARGET_NAME)";
				SWIFT_VERSION = 3.0;
			};
			name = Debug;
		};
		882799981F5775DE00EA3289 /* Release */ = {
			isa = XCBuildConfiguration;
			buildSettings = {
				ASSETCATALOG_COMPILER_APPICON_NAME = AppIcon;
				DEVELOPMENT_TEAM = U4J2U6VS3H;
				INFOPLIST_FILE = SceneKitIntro/Info.plist;
				LD_RUNPATH_SEARCH_PATHS = "$(inherited) @executable_path/Frameworks";
				PRODUCT_BUNDLE_IDENTIFIER = com.angelmorales.SceneKitIntro;
				PRODUCT_NAME = "$(TARGET_NAME)";
				SWIFT_VERSION = 3.0;
			};
			name = Release;
		};
/* End XCBuildConfiguration section */

/* Begin XCConfigurationList section */
		8827997D1F5775DE00EA3289 /* Build configuration list for PBXProject "SceneKitIntro" */ = {
			isa = XCConfigurationList;
			buildConfigurations = (
				882799941F5775DE00EA3289 /* Debug */,
				882799951F5775DE00EA3289 /* Release */,
			);
			defaultConfigurationIsVisible = 0;
			defaultConfigurationName = Release;
		};
		882799961F5775DE00EA3289 /* Build configuration list for PBXNativeTarget "SceneKitIntro" */ = {
			isa = XCConfigurationList;
			buildConfigurations = (
				882799971F5775DE00EA3289 /* Debug */,
				882799981F5775DE00EA3289 /* Release */,
			);
			defaultConfigurationIsVisible = 0;
		};
/* End XCConfigurationList section */
	};
	rootObject = 8827997A1F5775DE00EA3289 /* Project object */;
}
